
Microsoft Visual Studio Solution File, Format Version 12.00
# Visual Studio Version 17
VisualStudioVersion = 17.3.32901.215
MinimumVisualStudioVersion = 10.0.40219.1
Project("{FAE04EC0-301F-11D3-BF4B-00C04F79EFBC}") = "AI_LAB03", "AI_LAB03.csproj", "{F6413BBE-1FC7-4B50-ADF8-DB58511BA062}"
EndProject
Global
	GlobalSection(SolutionConfigurationPlatforms) = preSolution
		Debug|Any CPU = Debug|Any CPU
		Release|Any CPU = Release|Any CPU
	EndGlobalSection
	GlobalSection(ProjectConfigurationPlatforms) = postSolution
		{F6413BBE-1FC7-4B50-ADF8-DB58511BA062}.Debug|Any CPU.ActiveCfg = Debug|Any CPU
		{F6413BBE-1FC7-4B50-ADF8-DB58511BA062}.Debug|Any CPU.Build.0 = Debug|Any CPU
		{F6413BBE-1FC7-4B50-ADF8-DB58511BA062}.Release|Any CPU.ActiveCfg = Release|Any CPU
		{F6413BBE-1FC7-4B50-ADF8-DB58511BA062}.Release|Any CPU.Build.0 = Release|Any CPU
	EndGlobalSection
	GlobalSection(SolutionProperties) = preSolution
		HideSolutionNode = FALSE
	EndGlobalSection
	GlobalSection(ExtensibilityGlobals) = postSolution
		SolutionGuid = {CE4ABC0A-582F-4BA7-B4EA-03069D7E7930}
	EndGlobalSection
EndGlobal
